
Microsoft Visual Studio Solution File, Format Version 12.00
# Visual Studio Version 17
VisualStudioVersion = 17.7.34024.191
MinimumVisualStudioVersion = 10.0.40219.1
Project("{9A19103F-16F7-4668-BE54-9A1E7A4F7556}") = "MuzicStore", "MuzicStore.csproj", "{9BC31168-4B1E-458F-A12D-9CB2896890BA}"
EndProject
Global
	GlobalSection(SolutionConfigurationPlatforms) = preSolution
		Debug|Any CPU = Debug|Any CPU
		Release|Any CPU = Release|Any CPU
	EndGlobalSection
	GlobalSection(ProjectConfigurationPlatforms) = postSolution
		{9BC31168-4B1E-458F-A12D-9CB2896890BA}.Debug|Any CPU.ActiveCfg = Debug|Any CPU
		{9BC31168-4B1E-458F-A12D-9CB2896890BA}.Debug|Any CPU.Build.0 = Debug|Any CPU
		{9BC31168-4B1E-458F-A12D-9CB2896890BA}.Release|Any CPU.ActiveCfg = Release|Any CPU
		{9BC31168-4B1E-458F-A12D-9CB2896890BA}.Release|Any CPU.Build.0 = Release|Any CPU
	EndGlobalSection
	GlobalSection(SolutionProperties) = preSolution
		HideSolutionNode = FALSE
	EndGlobalSection
	GlobalSection(ExtensibilityGlobals) = postSolution
		SolutionGuid = {295BBB4B-7CF9-42F5-A0D4-93F50149D66F}
	EndGlobalSection
EndGlobal
